
Microsoft Visual Studio Solution File, Format Version 12.00
# Visual Studio Version 16
VisualStudioVersion = 16.0.30804.86
MinimumVisualStudioVersion = 10.0.40219.1
Project("{FAE04EC0-301F-11D3-BF4B-00C04F79EFBC}") = "RoboRemote.UWP", "RoboRemote\RoboRemote.UWP\RoboRemote.UWP.csproj", "{776F7506-093F-4ED1-9F08-37ECEEC628F8}"
EndProject
Project("{FAE04EC0-301F-11D3-BF4B-00C04F79EFBC}") = "RoboRemote.Android", "RoboRemote\RoboRemote.Android\RoboRemote.Android.csproj", "{DD162549-0B4A-4280-9885-41C890F8FE15}"
EndProject
Project("{FAE04EC0-301F-11D3-BF4B-00C04F79EFBC}") = "RoboRemote.iOS", "RoboRemote\RoboRemote.iOS\RoboRemote.iOS.csproj", "{A2F832F6-83FA-4B30-A953-C34F15B9B703}"
EndProject
Project("{9A19103F-16F7-4668-BE54-9A1E7A4F7556}") = "RoboRemote", "RoboRemote\RoboRemote\RoboRemote.csproj", "{ADC04200-4DB6-4581-8A01-79E7B3A2ECFD}"
EndProject
Global
	GlobalSection(SolutionConfigurationPlatforms) = preSolution
		Debug|Any CPU = Debug|Any CPU
		Debug|ARM = Debug|ARM
		Debug|iPhone = Debug|iPhone
		Debug|iPhoneSimulator = Debug|iPhoneSimulator
		Debug|x64 = Debug|x64
		Debug|x86 = Debug|x86
		Debug-Client|Any CPU = Debug-Client|Any CPU
		Debug-Client|ARM = Debug-Client|ARM
		Debug-Client|iPhone = Debug-Client|iPhone
		Debug-Client|iPhoneSimulator = Debug-Client|iPhoneSimulator
		Debug-Client|x64 = Debug-Client|x64
		Debug-Client|x86 = Debug-Client|x86
		Debug-Server|Any CPU = Debug-Server|Any CPU
		Debug-Server|ARM = Debug-Server|ARM
		Debug-Server|iPhone = Debug-Server|iPhone
		Debug-Server|iPhoneSimulator = Debug-Server|iPhoneSimulator
		Debug-Server|x64 = Debug-Server|x64
		Debug-Server|x86 = Debug-Server|x86
		Release|Any CPU = Release|Any CPU
		Release|ARM = Release|ARM
		Release|iPhone = Release|iPhone
		Release|iPhoneSimulator = Release|iPhoneSimulator
		Release|x64 = Release|x64
		Release|x86 = Release|x86
	EndGlobalSection
	GlobalSection(ProjectConfigurationPlatforms) = postSolution
		{776F7506-093F-4ED1-9F08-37ECEEC628F8}.Debug|Any CPU.ActiveCfg = Debug|x86
		{776F7506-093F-4ED1-9F08-37ECEEC628F8}.Debug|Any CPU.Build.0 = Debug|x86
		{776F7506-093F-4ED1-9F08-37ECEEC628F8}.Debug|Any CPU.Deploy.0 = Debug|x86
		{776F7506-093F-4ED1-9F08-37ECEEC628F8}.Debug|ARM.ActiveCfg = Debug|ARM
		{776F7506-093F-4ED1-9F08-37ECEEC628F8}.Debug|ARM.Build.0 = Debug|ARM
		{776F7506-093F-4ED1-9F08-37ECEEC628F8}.Debug|ARM.Deploy.0 = Debug|ARM
		{776F7506-093F-4ED1-9F08-37ECEEC628F8}.Debug|iPhone.ActiveCfg = Debug|x86
		{776F7506-093F-4ED1-9F08-37ECEEC628F8}.Debug|iPhone.Build.0 = Debug|x86
		{776F7506-093F-4ED1-9F08-37ECEEC628F8}.Debug|iPhone.Deploy.0 = Debug|x86
		{776F7506-093F-4ED1-9F08-37ECEEC628F8}.Debug|iPhoneSimulator.ActiveCfg = Debug|x86
		{776F7506-093F-4ED1-9F08-37ECEEC628F8}.Debug|iPhoneSimulator.Build.0 = Debug|x86
		{776F7506-093F-4ED1-9F08-37ECEEC628F8}.Debug|iPhoneSimulator.Deploy.0 = Debug|x86
		{776F7506-093F-4ED1-9F08-37ECEEC628F8}.Debug|x64.ActiveCfg = Debug|x64
		{776F7506-093F-4ED1-9F08-37ECEEC628F8}.Debug|x64.Build.0 = Debug|x64
		{776F7506-093F-4ED1-9F08-37ECEEC628F8}.Debug|x64.Deploy.0 = Debug|x64
		{776F7506-093F-4ED1-9F08-37ECEEC628F8}.Debug|x86.ActiveCfg = Debug|x86
		{776F7506-093F-4ED1-9F08-37ECEEC628F8}.Debug|x86.Build.0 = Debug|x86
		{776F7506-093F-4ED1-9F08-37ECEEC628F8}.Debug|x86.Deploy.0 = Debug|x86
		{776F7506-093F-4ED1-9F08-37ECEEC628F8}.Debug-Client|Any CPU.ActiveCfg = Release|x64
		{776F7506-093F-4ED1-9F08-37ECEEC628F8}.Debug-Client|Any CPU.Build.0 = Release|x64
		{776F7506-093F-4ED1-9F08-37ECEEC628F8}.Debug-Client|Any CPU.Deploy.0 = Release|x64
		{776F7506-093F-4ED1-9F08-37ECEEC628F8}.Debug-Client|ARM.ActiveCfg = Debug|ARM
		{776F7506-093F-4ED1-9F08-37ECEEC628F8}.Debug-Client|ARM.Build.0 = Debug|ARM
		{776F7506-093F-4ED1-9F08-37ECEEC628F8}.Debug-Client|ARM.Deploy.0 = Debug|ARM
		{776F7506-093F-4ED1-9F08-37ECEEC628F8}.Debug-Client|iPhone.ActiveCfg = Release|x64
		{776F7506-093F-4ED1-9F08-37ECEEC628F8}.Debug-Client|iPhone.Build.0 = Release|x64
		{776F7506-093F-4ED1-9F08-37ECEEC628F8}.Debug-Client|iPhone.Deploy.0 = Release|x64
		{776F7506-093F-4ED1-9F08-37ECEEC628F8}.Debug-Client|iPhoneSimulator.ActiveCfg = Release|x64
		{776F7506-093F-4ED1-9F08-37ECEEC628F8}.Debug-Client|iPhoneSimulator.Build.0 = Release|x64
		{776F7506-093F-4ED1-9F08-37ECEEC628F8}.Debug-Client|iPhoneSimulator.Deploy.0 = Release|x64
		{776F7506-093F-4ED1-9F08-37ECEEC628F8}.Debug-Client|x64.ActiveCfg = Debug|x64
		{776F7506-093F-4ED1-9F08-37ECEEC628F8}.Debug-Client|x64.Build.0 = Debug|x64
		{776F7506-093F-4ED1-9F08-37ECEEC628F8}.Debug-Client|x64.Deploy.0 = Debug|x64
		{776F7506-093F-4ED1-9F08-37ECEEC628F8}.Debug-Client|x86.ActiveCfg = Debug|x86
		{776F7506-093F-4ED1-9F08-37ECEEC628F8}.Debug-Client|x86.Build.0 = Debug|x86
		{776F7506-093F-4ED1-9F08-37ECEEC628F8}.Debug-Client|x86.Deploy.0 = Debug|x86
		{776F7506-093F-4ED1-9F08-37ECEEC628F8}.Debug-Server|Any CPU.ActiveCfg = Release|x64
		{776F7506-093F-4ED1-9F08-37ECEEC628F8}.Debug-Server|Any CPU.Build.0 = Release|x64
		{776F7506-093F-4ED1-9F08-37ECEEC628F8}.Debug-Server|Any CPU.Deploy.0 = Release|x64
		{776F7506-093F-4ED1-9F08-37ECEEC628F8}.Debug-Server|ARM.ActiveCfg = Debug|ARM
		{776F7506-093F-4ED1-9F08-37ECEEC628F8}.Debug-Server|ARM.Build.0 = Debug|ARM
		{776F7506-093F-4ED1-9F08-37ECEEC628F8}.Debug-Server|ARM.Deploy.0 = Debug|ARM
		{776F7506-093F-4ED1-9F08-37ECEEC628F8}.Debug-Server|iPhone.ActiveCfg = Release|x64
		{776F7506-093F-4ED1-9F08-37ECEEC628F8}.Debug-Server|iPhone.Build.0 = Release|x64
		{776F7506-093F-4ED1-9F08-37ECEEC628F8}.Debug-Server|iPhone.Deploy.0 = Release|x64
		{776F7506-093F-4ED1-9F08-37ECEEC628F8}.Debug-Server|iPhoneSimulator.ActiveCfg = Release|x64
		{776F7506-093F-4ED1-9F08-37ECEEC628F8}.Debug-Server|iPhoneSimulator.Build.0 = Release|x64
		{776F7506-093F-4ED1-9F08-37ECEEC628F8}.Debug-Server|iPhoneSimulator.Deploy.0 = Release|x64
		{776F7506-093F-4ED1-9F08-37ECEEC628F8}.Debug-Server|x64.ActiveCfg = Debug|x64
		{776F7506-093F-4ED1-9F08-37ECEEC628F8}.Debug-Server|x64.Build.0 = Debug|x64
		{776F7506-093F-4ED1-9F08-37ECEEC628F8}.Debug-Server|x64.Deploy.0 = Debug|x64
		{776F7506-093F-4ED1-9F08-37ECEEC628F8}.Debug-Server|x86.ActiveCfg = Debug|x86
		{776F7506-093F-4ED1-9F08-37ECEEC628F8}.Debug-Server|x86.Build.0 = Debug|x86
		{776F7506-093F-4ED1-9F08-37ECEEC628F8}.Debug-Server|x86.Deploy.0 = Debug|x86
		{776F7506-093F-4ED1-9F08-37ECEEC628F8}.Release|Any CPU.ActiveCfg = Release|x86
		{776F7506-093F-4ED1-9F08-37ECEEC628F8}.Release|Any CPU.Build.0 = Release|x86
		{776F7506-093F-4ED1-9F08-37ECEEC628F8}.Release|Any CPU.Deploy.0 = Release|x86
		{776F7506-093F-4ED1-9F08-37ECEEC628F8}.Release|ARM.ActiveCfg = Release|ARM
		{776F7506-093F-4ED1-9F08-37ECEEC628F8}.Release|ARM.Build.0 = Release|ARM
		{776F7506-093F-4ED1-9F08-37ECEEC628F8}.Release|ARM.Deploy.0 = Release|ARM
		{776F7506-093F-4ED1-9F08-37ECEEC628F8}.Release|iPhone.ActiveCfg = Release|x86
		{776F7506-093F-4ED1-9F08-37ECEEC628F8}.Release|iPhone.Build.0 = Release|x86
		{776F7506-093F-4ED1-9F08-37ECEEC628F8}.Release|iPhone.Deploy.0 = Release|x86
		{776F7506-093F-4ED1-9F08-37ECEEC628F8}.Release|iPhoneSimulator.ActiveCfg = Release|x86
		{776F7506-093F-4ED1-9F08-37ECEEC628F8}.Release|iPhoneSimulator.Build.0 = Release|x86
		{776F7506-093F-4ED1-9F08-37ECEEC628F8}.Release|iPhoneSimulator.Deploy.0 = Release|x86
		{776F7506-093F-4ED1-9F08-37ECEEC628F8}.Release|x64.ActiveCfg = Release|x64
		{776F7506-093F-4ED1-9F08-37ECEEC628F8}.Release|x64.Build.0 = Release|x64
		{776F7506-093F-4ED1-9F08-37ECEEC628F8}.Release|x64.Deploy.0 = Release|x64
		{776F7506-093F-4ED1-9F08-37ECEEC628F8}.Release|x86.ActiveCfg = Release|x86
		{776F7506-093F-4ED1-9F08-37ECEEC628F8}.Release|x86.Build.0 = Release|x86
		{776F7506-093F-4ED1-9F08-37ECEEC628F8}.Release|x86.Deploy.0 = Release|x86
		{DD162549-0B4A-4280-9885-41C890F8FE15}.Debug|Any CPU.ActiveCfg = Debug|Any CPU
		{DD162549-0B4A-4280-9885-41C890F8FE15}.Debug|Any CPU.Build.0 = Debug|Any CPU
		{DD162549-0B4A-4280-9885-41C890F8FE15}.Debug|Any CPU.Deploy.0 = Debug|Any CPU
		{DD162549-0B4A-4280-9885-41C890F8FE15}.Debug|ARM.ActiveCfg = Debug|Any CPU
		{DD162549-0B4A-4280-9885-41C890F8FE15}.Debug|ARM.Build.0 = Debug|Any CPU
		{DD162549-0B4A-4280-9885-41C890F8FE15}.Debug|ARM.Deploy.0 = Debug|Any CPU
		{DD162549-0B4A-4280-9885-41C890F8FE15}.Debug|iPhone.ActiveCfg = Debug|Any CPU
		{DD162549-0B4A-4280-9885-41C890F8FE15}.Debug|iPhone.Build.0 = Debug|Any CPU
		{DD162549-0B4A-4280-9885-41C890F8FE15}.Debug|iPhone.Deploy.0 = Debug|Any CPU
		{DD162549-0B4A-4280-9885-41C890F8FE15}.Debug|iPhoneSimulator.ActiveCfg = Debug|Any CPU
		{DD162549-0B4A-4280-9885-41C890F8FE15}.Debug|iPhoneSimulator.Build.0 = Debug|Any CPU
		{DD162549-0B4A-4280-9885-41C890F8FE15}.Debug|iPhoneSimulator.Deploy.0 = Debug|Any CPU
		{DD162549-0B4A-4280-9885-41C890F8FE15}.Debug|x64.ActiveCfg = Debug|Any CPU
		{DD162549-0B4A-4280-9885-41C890F8FE15}.Debug|x64.Build.0 = Debug|Any CPU
		{DD162549-0B4A-4280-9885-41C890F8FE15}.Debug|x64.Deploy.0 = Debug|Any CPU
		{DD162549-0B4A-4280-9885-41C890F8FE15}.Debug|x86.ActiveCfg = Debug|Any CPU
		{DD162549-0B4A-4280-9885-41C890F8FE15}.Debug|x86.Build.0 = Debug|Any CPU
		{DD162549-0B4A-4280-9885-41C890F8FE15}.Debug|x86.Deploy.0 = Debug|Any CPU
		{DD162549-0B4A-4280-9885-41C890F8FE15}.Debug-Client|Any CPU.ActiveCfg = Debug|Any CPU
		{DD162549-0B4A-4280-9885-41C890F8FE15}.Debug-Client|Any CPU.Build.0 = Debug|Any CPU
		{DD162549-0B4A-4280-9885-41C890F8FE15}.Debug-Client|Any CPU.Deploy.0 = Debug|Any CPU
		{DD162549-0B4A-4280-9885-41C890F8FE15}.Debug-Client|ARM.ActiveCfg = Debug|Any CPU
		{DD162549-0B4A-4280-9885-41C890F8FE15}.Debug-Client|ARM.Build.0 = Debug|Any CPU
		{DD162549-0B4A-4280-9885-41C890F8FE15}.Debug-Client|ARM.Deploy.0 = Debug|Any CPU
		{DD162549-0B4A-4280-9885-41C890F8FE15}.Debug-Client|iPhone.ActiveCfg = Debug|Any CPU
		{DD162549-0B4A-4280-9885-41C890F8FE15}.Debug-Client|iPhone.Build.0 = Debug|Any CPU
		{DD162549-0B4A-4280-9885-41C890F8FE15}.Debug-Client|iPhone.Deploy.0 = Debug|Any CPU
		{DD162549-0B4A-4280-9885-41C890F8FE15}.Debug-Client|iPhoneSimulator.ActiveCfg = Debug|Any CPU
		{DD162549-0B4A-4280-9885-41C890F8FE15}.Debug-Client|iPhoneSimulator.Build.0 = Debug|Any CPU
		{DD162549-0B4A-4280-9885-41C890F8FE15}.Debug-Client|iPhoneSimulator.Deploy.0 = Debug|Any CPU
		{DD162549-0B4A-4280-9885-41C890F8FE15}.Debug-Client|x64.ActiveCfg = Debug|Any CPU
		{DD162549-0B4A-4280-9885-41C890F8FE15}.Debug-Client|x64.Build.0 = Debug|Any CPU
		{DD162549-0B4A-4280-9885-41C890F8FE15}.Debug-Client|x64.Deploy.0 = Debug|Any CPU
		{DD162549-0B4A-4280-9885-41C890F8FE15}.Debug-Client|x86.ActiveCfg = Debug|Any CPU
		{DD162549-0B4A-4280-9885-41C890F8FE15}.Debug-Client|x86.Build.0 = Debug|Any CPU
		{DD162549-0B4A-4280-9885-41C890F8FE15}.Debug-Client|x86.Deploy.0 = Debug|Any CPU
		{DD162549-0B4A-4280-9885-41C890F8FE15}.Debug-Server|Any CPU.ActiveCfg = Debug|Any CPU
		{DD162549-0B4A-4280-9885-41C890F8FE15}.Debug-Server|Any CPU.Build.0 = Debug|Any CPU
		{DD162549-0B4A-4280-9885-41C890F8FE15}.Debug-Server|Any CPU.Deploy.0 = Debug|Any CPU
		{DD162549-0B4A-4280-9885-41C890F8FE15}.Debug-Server|ARM.ActiveCfg = Debug|Any CPU
		{DD162549-0B4A-4280-9885-41C890F8FE15}.Debug-Server|ARM.Build.0 = Debug|Any CPU
		{DD162549-0B4A-4280-9885-41C890F8FE15}.Debug-Server|ARM.Deploy.0 = Debug|Any CPU
		{DD162549-0B4A-4280-9885-41C890F8FE15}.Debug-Server|iPhone.ActiveCfg = Debug|Any CPU
		{DD162549-0B4A-4280-9885-41C890F8FE15}.Debug-Server|iPhone.Build.0 = Debug|Any CPU
		{DD162549-0B4A-4280-9885-41C890F8FE15}.Debug-Server|iPhone.Deploy.0 = Debug|Any CPU
		{DD162549-0B4A-4280-9885-41C890F8FE15}.Debug-Server|iPhoneSimulator.ActiveCfg = Debug|Any CPU
		{DD162549-0B4A-4280-9885-41C890F8FE15}.Debug-Server|iPhoneSimulator.Build.0 = Debug|Any CPU
		{DD162549-0B4A-4280-9885-41C890F8FE15}.Debug-Server|iPhoneSimulator.Deploy.0 = Debug|Any CPU
		{DD162549-0B4A-4280-9885-41C890F8FE15}.Debug-Server|x64.ActiveCfg = Debug|Any CPU
		{DD162549-0B4A-4280-9885-41C890F8FE15}.Debug-Server|x64.Build.0 = Debug|Any CPU
		{DD162549-0B4A-4280-9885-41C890F8FE15}.Debug-Server|x64.Deploy.0 = Debug|Any CPU
		{DD162549-0B4A-4280-9885-41C890F8FE15}.Debug-Server|x86.ActiveCfg = Debug|Any CPU
		{DD162549-0B4A-4280-9885-41C890F8FE15}.Debug-Server|x86.Build.0 = Debug|Any CPU
		{DD162549-0B4A-4280-9885-41C890F8FE15}.Debug-Server|x86.Deploy.0 = Debug|Any CPU
		{DD162549-0B4A-4280-9885-41C890F8FE15}.Release|Any CPU.ActiveCfg = Release|Any CPU
		{DD162549-0B4A-4280-9885-41C890F8FE15}.Release|Any CPU.Build.0 = Release|Any CPU
		{DD162549-0B4A-4280-9885-41C890F8FE15}.Release|Any CPU.Deploy.0 = Release|Any CPU
		{DD162549-0B4A-4280-9885-41C890F8FE15}.Release|ARM.ActiveCfg = Release|Any CPU
		{DD162549-0B4A-4280-9885-41C890F8FE15}.Release|ARM.Build.0 = Release|Any CPU
		{DD162549-0B4A-4280-9885-41C890F8FE15}.Release|ARM.Deploy.0 = Release|Any CPU
		{DD162549-0B4A-4280-9885-41C890F8FE15}.Release|iPhone.ActiveCfg = Release|Any CPU
		{DD162549-0B4A-4280-9885-41C890F8FE15}.Release|iPhone.Build.0 = Release|Any CPU
		{DD162549-0B4A-4280-9885-41C890F8FE15}.Release|iPhone.Deploy.0 = Release|Any CPU
		{DD162549-0B4A-4280-9885-41C890F8FE15}.Release|iPhoneSimulator.ActiveCfg = Release|Any CPU
		{DD162549-0B4A-4280-9885-41C890F8FE15}.Release|iPhoneSimulator.Build.0 = Release|Any CPU
		{DD162549-0B4A-4280-9885-41C890F8FE15}.Release|iPhoneSimulator.Deploy.0 = Release|Any CPU
		{DD162549-0B4A-4280-9885-41C890F8FE15}.Release|x64.ActiveCfg = Release|Any CPU
		{DD162549-0B4A-4280-9885-41C890F8FE15}.Release|x64.Build.0 = Release|Any CPU
		{DD162549-0B4A-4280-9885-41C890F8FE15}.Release|x64.Deploy.0 = Release|Any CPU
		{DD162549-0B4A-4280-9885-41C890F8FE15}.Release|x86.ActiveCfg = Release|Any CPU
		{DD162549-0B4A-4280-9885-41C890F8FE15}.Release|x86.Build.0 = Release|Any CPU
		{DD162549-0B4A-4280-9885-41C890F8FE15}.Release|x86.Deploy.0 = Release|Any CPU
		{A2F832F6-83FA-4B30-A953-C34F15B9B703}.Debug|Any CPU.ActiveCfg = Debug|iPhone
		{A2F832F6-83FA-4B30-A953-C34F15B9B703}.Debug|Any CPU.Build.0 = Debug|iPhone
		{A2F832F6-83FA-4B30-A953-C34F15B9B703}.Debug|Any CPU.Deploy.0 = Debug|iPhone
		{A2F832F6-83FA-4B30-A953-C34F15B9B703}.Debug|ARM.ActiveCfg = Debug|iPhone
		{A2F832F6-83FA-4B30-A953-C34F15B9B703}.Debug|ARM.Build.0 = Debug|iPhone
		{A2F832F6-83FA-4B30-A953-C34F15B9B703}.Debug|ARM.Deploy.0 = Debug|iPhone
		{A2F832F6-83FA-4B30-A953-C34F15B9B703}.Debug|iPhone.ActiveCfg = Debug|iPhone
		{A2F832F6-83FA-4B30-A953-C34F15B9B703}.Debug|iPhone.Build.0 = Debug|iPhone
		{A2F832F6-83FA-4B30-A953-C34F15B9B703}.Debug|iPhone.Deploy.0 = Debug|iPhone
		{A2F832F6-83FA-4B30-A953-C34F15B9B703}.Debug|iPhoneSimulator.ActiveCfg = Debug|iPhoneSimulator
		{A2F832F6-83FA-4B30-A953-C34F15B9B703}.Debug|iPhoneSimulator.Build.0 = Debug|iPhoneSimulator
		{A2F832F6-83FA-4B30-A953-C34F15B9B703}.Debug|iPhoneSimulator.Deploy.0 = Debug|iPhoneSimulator
		{A2F832F6-83FA-4B30-A953-C34F15B9B703}.Debug|x64.ActiveCfg = Debug|iPhoneSimulator
		{A2F832F6-83FA-4B30-A953-C34F15B9B703}.Debug|x64.Build.0 = Debug|iPhoneSimulator
		{A2F832F6-83FA-4B30-A953-C34F15B9B703}.Debug|x64.Deploy.0 = Debug|iPhoneSimulator
		{A2F832F6-83FA-4B30-A953-C34F15B9B703}.Debug|x86.ActiveCfg = Debug|iPhoneSimulator
		{A2F832F6-83FA-4B30-A953-C34F15B9B703}.Debug|x86.Build.0 = Debug|iPhoneSimulator
		{A2F832F6-83FA-4B30-A953-C34F15B9B703}.Debug|x86.Deploy.0 = Debug|iPhoneSimulator
		{A2F832F6-83FA-4B30-A953-C34F15B9B703}.Debug-Client|Any CPU.ActiveCfg = Release|iPhone
		{A2F832F6-83FA-4B30-A953-C34F15B9B703}.Debug-Client|Any CPU.Build.0 = Release|iPhone
		{A2F832F6-83FA-4B30-A953-C34F15B9B703}.Debug-Client|ARM.ActiveCfg = Release|iPhone
		{A2F832F6-83FA-4B30-A953-C34F15B9B703}.Debug-Client|ARM.Build.0 = Release|iPhone
		{A2F832F6-83FA-4B30-A953-C34F15B9B703}.Debug-Client|iPhone.ActiveCfg = Debug|iPhone
		{A2F832F6-83FA-4B30-A953-C34F15B9B703}.Debug-Client|iPhone.Build.0 = Debug|iPhone
		{A2F832F6-83FA-4B30-A953-C34F15B9B703}.Debug-Client|iPhoneSimulator.ActiveCfg = Debug|iPhoneSimulator
		{A2F832F6-83FA-4B30-A953-C34F15B9B703}.Debug-Client|iPhoneSimulator.Build.0 = Debug|iPhoneSimulator
		{A2F832F6-83FA-4B30-A953-C34F15B9B703}.Debug-Client|x64.ActiveCfg = Release|iPhone
		{A2F832F6-83FA-4B30-A953-C34F15B9B703}.Debug-Client|x64.Build.0 = Release|iPhone
		{A2F832F6-83FA-4B30-A953-C34F15B9B703}.Debug-Client|x86.ActiveCfg = Release|iPhone
		{A2F832F6-83FA-4B30-A953-C34F15B9B703}.Debug-Client|x86.Build.0 = Release|iPhone
		{A2F832F6-83FA-4B30-A953-C34F15B9B703}.Debug-Server|Any CPU.ActiveCfg = Release|iPhone
		{A2F832F6-83FA-4B30-A953-C34F15B9B703}.Debug-Server|Any CPU.Build.0 = Release|iPhone
		{A2F832F6-83FA-4B30-A953-C34F15B9B703}.Debug-Server|ARM.ActiveCfg = Release|iPhone
		{A2F832F6-83FA-4B30-A953-C34F15B9B703}.Debug-Server|ARM.Build.0 = Release|iPhone
		{A2F832F6-83FA-4B30-A953-C34F15B9B703}.Debug-Server|iPhone.ActiveCfg = Debug|iPhone
		{A2F832F6-83FA-4B30-A953-C34F15B9B703}.Debug-Server|iPhone.Build.0 = Debug|iPhone
		{A2F832F6-83FA-4B30-A953-C34F15B9B703}.Debug-Server|iPhoneSimulator.ActiveCfg = Debug|iPhoneSimulator
		{A2F832F6-83FA-4B30-A953-C34F15B9B703}.Debug-Server|iPhoneSimulator.Build.0 = Debug|iPhoneSimulator
		{A2F832F6-83FA-4B30-A953-C34F15B9B703}.Debug-Server|x64.ActiveCfg = Release|iPhone
		{A2F832F6-83FA-4B30-A953-C34F15B9B703}.Debug-Server|x64.Build.0 = Release|iPhone
		{A2F832F6-83FA-4B30-A953-C34F15B9B703}.Debug-Server|x86.ActiveCfg = Release|iPhone
		{A2F832F6-83FA-4B30-A953-C34F15B9B703}.Debug-Server|x86.Build.0 = Release|iPhone
		{A2F832F6-83FA-4B30-A953-C34F15B9B703}.Release|Any CPU.ActiveCfg = Release|iPhoneSimulator
		{A2F832F6-83FA-4B30-A953-C34F15B9B703}.Release|Any CPU.Build.0 = Release|iPhoneSimulator
		{A2F832F6-83FA-4B30-A953-C34F15B9B703}.Release|Any CPU.Deploy.0 = Release|iPhoneSimulator
		{A2F832F6-83FA-4B30-A953-C34F15B9B703}.Release|ARM.ActiveCfg = Release|iPhoneSimulator
		{A2F832F6-83FA-4B30-A953-C34F15B9B703}.Release|ARM.Build.0 = Release|iPhoneSimulator
		{A2F832F6-83FA-4B30-A953-C34F15B9B703}.Release|ARM.Deploy.0 = Release|iPhoneSimulator
		{A2F832F6-83FA-4B30-A953-C34F15B9B703}.Release|iPhone.ActiveCfg = Release|iPhone
		{A2F832F6-83FA-4B30-A953-C34F15B9B703}.Release|iPhone.Build.0 = Release|iPhone
		{A2F832F6-83FA-4B30-A953-C34F15B9B703}.Release|iPhone.Deploy.0 = Release|iPhone
		{A2F832F6-83FA-4B30-A953-C34F15B9B703}.Release|iPhoneSimulator.ActiveCfg = Release|iPhoneSimulator
		{A2F832F6-83FA-4B30-A953-C34F15B9B703}.Release|iPhoneSimulator.Build.0 = Release|iPhoneSimulator
		{A2F832F6-83FA-4B30-A953-C34F15B9B703}.Release|iPhoneSimulator.Deploy.0 = Release|iPhoneSimulator
		{A2F832F6-83FA-4B30-A953-C34F15B9B703}.Release|x64.ActiveCfg = Release|iPhoneSimulator
		{A2F832F6-83FA-4B30-A953-C34F15B9B703}.Release|x64.Build.0 = Release|iPhoneSimulator
		{A2F832F6-83FA-4B30-A953-C34F15B9B703}.Release|x64.Deploy.0 = Release|iPhoneSimulator
		{A2F832F6-83FA-4B30-A953-C34F15B9B703}.Release|x86.ActiveCfg = Release|iPhoneSimulator
		{A2F832F6-83FA-4B30-A953-C34F15B9B703}.Release|x86.Build.0 = Release|iPhoneSimulator
		{A2F832F6-83FA-4B30-A953-C34F15B9B703}.Release|x86.Deploy.0 = Release|iPhoneSimulator
		{ADC04200-4DB6-4581-8A01-79E7B3A2ECFD}.Debug|Any CPU.ActiveCfg = Debug|Any CPU
		{ADC04200-4DB6-4581-8A01-79E7B3A2ECFD}.Debug|Any CPU.Build.0 = Debug|Any CPU
		{ADC04200-4DB6-4581-8A01-79E7B3A2ECFD}.Debug|Any CPU.Deploy.0 = Debug|Any CPU
		{ADC04200-4DB6-4581-8A01-79E7B3A2ECFD}.Debug|ARM.ActiveCfg = Debug|Any CPU
		{ADC04200-4DB6-4581-8A01-79E7B3A2ECFD}.Debug|ARM.Build.0 = Debug|Any CPU
		{ADC04200-4DB6-4581-8A01-79E7B3A2ECFD}.Debug|ARM.Deploy.0 = Debug|Any CPU
		{ADC04200-4DB6-4581-8A01-79E7B3A2ECFD}.Debug|iPhone.ActiveCfg = Debug|Any CPU
		{ADC04200-4DB6-4581-8A01-79E7B3A2ECFD}.Debug|iPhone.Build.0 = Debug|Any CPU
		{ADC04200-4DB6-4581-8A01-79E7B3A2ECFD}.Debug|iPhone.Deploy.0 = Debug|Any CPU
		{ADC04200-4DB6-4581-8A01-79E7B3A2ECFD}.Debug|iPhoneSimulator.ActiveCfg = Debug|Any CPU
		{ADC04200-4DB6-4581-8A01-79E7B3A2ECFD}.Debug|iPhoneSimulator.Build.0 = Debug|Any CPU
		{ADC04200-4DB6-4581-8A01-79E7B3A2ECFD}.Debug|iPhoneSimulator.Deploy.0 = Debug|Any CPU
		{ADC04200-4DB6-4581-8A01-79E7B3A2ECFD}.Debug|x64.ActiveCfg = Debug|Any CPU
		{ADC04200-4DB6-4581-8A01-79E7B3A2ECFD}.Debug|x64.Build.0 = Debug|Any CPU
		{ADC04200-4DB6-4581-8A01-79E7B3A2ECFD}.Debug|x64.Deploy.0 = Debug|Any CPU
		{ADC04200-4DB6-4581-8A01-79E7B3A2ECFD}.Debug|x86.ActiveCfg = Debug|Any CPU
		{ADC04200-4DB6-4581-8A01-79E7B3A2ECFD}.Debug|x86.Build.0 = Debug|Any CPU
		{ADC04200-4DB6-4581-8A01-79E7B3A2ECFD}.Debug|x86.Deploy.0 = Debug|Any CPU
		{ADC04200-4DB6-4581-8A01-79E7B3A2ECFD}.Debug-Client|Any CPU.ActiveCfg = Debug|Any CPU
		{ADC04200-4DB6-4581-8A01-79E7B3A2ECFD}.Debug-Client|Any CPU.Build.0 = Debug|Any CPU
		{ADC04200-4DB6-4581-8A01-79E7B3A2ECFD}.Debug-Client|ARM.ActiveCfg = Debug|Any CPU
		{ADC04200-4DB6-4581-8A01-79E7B3A2ECFD}.Debug-Client|ARM.Build.0 = Debug|Any CPU
		{ADC04200-4DB6-4581-8A01-79E7B3A2ECFD}.Debug-Client|iPhone.ActiveCfg = Debug|Any CPU
		{ADC04200-4DB6-4581-8A01-79E7B3A2ECFD}.Debug-Client|iPhone.Build.0 = Debug|Any CPU
		{ADC04200-4DB6-4581-8A01-79E7B3A2ECFD}.Debug-Client|iPhoneSimulator.ActiveCfg = Debug|Any CPU
		{ADC04200-4DB6-4581-8A01-79E7B3A2ECFD}.Debug-Client|iPhoneSimulator.Build.0 = Debug|Any CPU
		{ADC04200-4DB6-4581-8A01-79E7B3A2ECFD}.Debug-Client|x64.ActiveCfg = Debug|Any CPU
		{ADC04200-4DB6-4581-8A01-79E7B3A2ECFD}.Debug-Client|x64.Build.0 = Debug|Any CPU
		{ADC04200-4DB6-4581-8A01-79E7B3A2ECFD}.Debug-Client|x86.ActiveCfg = Debug|Any CPU
		{ADC04200-4DB6-4581-8A01-79E7B3A2ECFD}.Debug-Client|x86.Build.0 = Debug|Any CPU
		{ADC04200-4DB6-4581-8A01-79E7B3A2ECFD}.Debug-Server|Any CPU.ActiveCfg = Debug|Any CPU
		{ADC04200-4DB6-4581-8A01-79E7B3A2ECFD}.Debug-Server|Any CPU.Build.0 = Debug|Any CPU
		{ADC04200-4DB6-4581-8A01-79E7B3A2ECFD}.Debug-Server|ARM.ActiveCfg = Debug|Any CPU
		{ADC04200-4DB6-4581-8A01-79E7B3A2ECFD}.Debug-Server|ARM.Build.0 = Debug|Any CPU
		{ADC04200-4DB6-4581-8A01-79E7B3A2ECFD}.Debug-Server|iPhone.ActiveCfg = Debug|Any CPU
		{ADC04200-4DB6-4581-8A01-79E7B3A2ECFD}.Debug-Server|iPhone.Build.0 = Debug|Any CPU
		{ADC04200-4DB6-4581-8A01-79E7B3A2ECFD}.Debug-Server|iPhoneSimulator.ActiveCfg = Debug|Any CPU
		{ADC04200-4DB6-4581-8A01-79E7B3A2ECFD}.Debug-Server|iPhoneSimulator.Build.0 = Debug|Any CPU
		{ADC04200-4DB6-4581-8A01-79E7B3A2ECFD}.Debug-Server|x64.ActiveCfg = Debug|Any CPU
		{ADC04200-4DB6-4581-8A01-79E7B3A2ECFD}.Debug-Server|x64.Build.0 = Debug|Any CPU
		{ADC04200-4DB6-4581-8A01-79E7B3A2ECFD}.Debug-Server|x86.ActiveCfg = Debug|Any CPU
		{ADC04200-4DB6-4581-8A01-79E7B3A2ECFD}.Debug-Server|x86.Build.0 = Debug|Any CPU
		{ADC04200-4DB6-4581-8A01-79E7B3A2ECFD}.Release|Any CPU.ActiveCfg = Release|Any CPU
		{ADC04200-4DB6-4581-8A01-79E7B3A2ECFD}.Release|Any CPU.Build.0 = Release|Any CPU
		{ADC04200-4DB6-4581-8A01-79E7B3A2ECFD}.Release|Any CPU.Deploy.0 = Release|Any CPU
		{ADC04200-4DB6-4581-8A01-79E7B3A2ECFD}.Release|ARM.ActiveCfg = Release|Any CPU
		{ADC04200-4DB6-4581-8A01-79E7B3A2ECFD}.Release|ARM.Build.0 = Release|Any CPU
		{ADC04200-4DB6-4581-8A01-79E7B3A2ECFD}.Release|ARM.Deploy.0 = Release|Any CPU
		{ADC04200-4DB6-4581-8A01-79E7B3A2ECFD}.Release|iPhone.ActiveCfg = Release|Any CPU
		{ADC04200-4DB6-4581-8A01-79E7B3A2ECFD}.Release|iPhone.Build.0 = Release|Any CPU
		{ADC04200-4DB6-4581-8A01-79E7B3A2ECFD}.Release|iPhone.Deploy.0 = Release|Any CPU
		{ADC04200-4DB6-4581-8A01-79E7B3A2ECFD}.Release|iPhoneSimulator.ActiveCfg = Release|Any CPU
		{ADC04200-4DB6-4581-8A01-79E7B3A2ECFD}.Release|iPhoneSimulator.Build.0 = Release|Any CPU
		{ADC04200-4DB6-4581-8A01-79E7B3A2ECFD}.Release|iPhoneSimulator.Deploy.0 = Release|Any CPU
		{ADC04200-4DB6-4581-8A01-79E7B3A2ECFD}.Release|x64.ActiveCfg = Release|Any CPU
		{ADC04200-4DB6-4581-8A01-79E7B3A2ECFD}.Release|x64.Build.0 = Release|Any CPU
		{ADC04200-4DB6-4581-8A01-79E7B3A2ECFD}.Release|x64.Deploy.0 = Release|Any CPU
		{ADC04200-4DB6-4581-8A01-79E7B3A2ECFD}.Release|x86.ActiveCfg = Release|Any CPU
		{ADC04200-4DB6-4581-8A01-79E7B3A2ECFD}.Release|x86.Build.0 = Release|Any CPU
		{ADC04200-4DB6-4581-8A01-79E7B3A2ECFD}.Release|x86.Deploy.0 = Release|Any CPU
	EndGlobalSection
	GlobalSection(SolutionProperties) = preSolution
		HideSolutionNode = FALSE
	EndGlobalSection
	GlobalSection(ExtensibilityGlobals) = postSolution
		SolutionGuid = {5C96D7B1-5653-4926-ACD9-47B118EB84FB}
	EndGlobalSection
EndGlobal
